{
  "name": "ts-programs",
  "version": "1.0.0",
  "lockfileVersion": 3,
  "requires": true,
  "packages": {
    "": {
      "name": "ts-programs",
      "version": "1.0.0",
      "license": "ISC",
      "dependencies": {
        "@solanaturbine/poseidon": "^0.0.13"
      }
    },
    "node_modules/@solanaturbine/poseidon": {
      "version": "0.0.13",
      "resolved": "https://registry.npmjs.org/@solanaturbine/poseidon/-/poseidon-0.0.13.tgz",
      "integrity": "sha512-NDvFdF+xyRHVFjT4+Ll5bNc32A4SEQUiDg5vFwmcQIfqxmQZhhzOC72+yfNXuP4oMYN4x82rtBCqabxRmostgg==",
      "license": "MIT"
    }
  }
}
